// !$*UTF8*$!
{
	archiveVersion = 1;
	classes = {
	};
	objectVersion = 46;
	objects = {

/* Begin PBXBuildFile section */
		6EAB76981EC4F65300C203E7 /* idioms.plist in Resources */ = {isa = PBXBuildFile; fileRef = 6EAB76941EC4F65300C203E7 /* idioms.plist */; };
		6EAB76991EC4F65300C203E7 /* phrases.plist in Resources */ = {isa = PBXBuildFile; fileRef = 6EAB76951EC4F65300C203E7 /* phrases.plist */; };
		6EAB769A1EC4F65300C203E7 /* verbs.plist in Resources */ = {isa = PBXBuildFile; fileRef = 6EAB76961EC4F65300C203E7 /* verbs.plist */; };
		6EAB769B1EC4F65300C203E7 /* words.plist in Resources */ = {isa = PBXBuildFile; fileRef = 6EAB76971EC4F65300C203E7 /* words.plist */; };
		6ED589F41EC50A84005CDF24 /* SubtitleCell.swift in Sources */ = {isa = PBXBuildFile; fileRef = 6ED589F31EC50A84005CDF24 /* SubtitleCell.swift */; };
		B516A20B1EC46A7D004F63BD /* AppDelegate.swift in Sources */ = {isa = PBXBuildFile; fileRef = B516A20A1EC46A7D004F63BD /* AppDelegate.swift */; };
		B516A20E1EC46A7D004F63BD /* LearnEnglish.xcdatamodeld in Sources */ = {isa = PBXBuildFile; fileRef = B516A20C1EC46A7D004F63BD /* LearnEnglish.xcdatamodeld */; };
		B516A2101EC46A7D004F63BD /* MasterViewController.swift in Sources */ = {isa = PBXBuildFile; fileRef = B516A20F1EC46A7D004F63BD /* MasterViewController.swift */; };
		B516A2151EC46A7D004F63BD /* Main.storyboard in Resources */ = {isa = PBXBuildFile; fileRef = B516A2131EC46A7D004F63BD /* Main.storyboard */; };
		B516A2171EC46A7D004F63BD /* Assets.xcassets in Resources */ = {isa = PBXBuildFile; fileRef = B516A2161EC46A7D004F63BD /* Assets.xcassets */; };
		B516A21A1EC46A7D004F63BD /* LaunchScreen.storyboard in Resources */ = {isa = PBXBuildFile; fileRef = B516A2181EC46A7D004F63BD /* LaunchScreen.storyboard */; };
		B516A2251EC46A7D004F63BD /* LearnEnglishTests.swift in Sources */ = {isa = PBXBuildFile; fileRef = B516A2241EC46A7D004F63BD /* LearnEnglishTests.swift */; };
		B516A2301EC46A7D004F63BD /* LearnEnglishUITests.swift in Sources */ = {isa = PBXBuildFile; fileRef = B516A22F1EC46A7D004F63BD /* LearnEnglishUITests.swift */; };
		B575E1481ED1682200222C66 /* em19.webarchive in Resources */ = {isa = PBXBuildFile; fileRef = B575E1451ED1682200222C66 /* em19.webarchive */; };
		B575E1491ED1682200222C66 /* em20.webarchive in Resources */ = {isa = PBXBuildFile; fileRef = B575E1461ED1682200222C66 /* em20.webarchive */; };
		B575E14A1ED1682200222C66 /* em21.webarchive in Resources */ = {isa = PBXBuildFile; fileRef = B575E1471ED1682200222C66 /* em21.webarchive */; };
		B57CAAE81ECA495B00315574 /* em15.webarchive in Resources */ = {isa = PBXBuildFile; fileRef = B57CAAE71ECA495B00315574 /* em15.webarchive */; };
		B58A6F6D1ECD716500AC81F1 /* em17.webarchive in Resources */ = {isa = PBXBuildFile; fileRef = B58A6F6B1ECD716500AC81F1 /* em17.webarchive */; };
		B58A6F6E1ECD716500AC81F1 /* em18.webarchive in Resources */ = {isa = PBXBuildFile; fileRef = B58A6F6C1ECD716500AC81F1 /* em18.webarchive */; };
		B58DD3821ECAD8D100DDEEF1 /* em16.webarchive in Resources */ = {isa = PBXBuildFile; fileRef = B58DD3811ECAD8D100DDEEF1 /* em16.webarchive */; };
		B5C380BC1EC5A8A700F763D6 /* DetailViewController.swift in Sources */ = {isa = PBXBuildFile; fileRef = B5C380BB1EC5A8A700F763D6 /* DetailViewController.swift */; };
		B5C380BF1EC5AAE900F763D6 /* texts & videos.plist in Resources */ = {isa = PBXBuildFile; fileRef = B5C380BD1EC5AAE900F763D6 /* texts & videos.plist */; };
		B5E8E9421EC8FC1300119D8B /* UINavigationItem+ArrowBackButton.m in Sources */ = {isa = PBXBuildFile; fileRef = B5E8E9411EC8FC1300119D8B /* UINavigationItem+ArrowBackButton.m */; };
		B5E8EEED1EC905D600119D8B /* em1.webarchive in Resources */ = {isa = PBXBuildFile; fileRef = B5E8EEEC1EC905D600119D8B /* em1.webarchive */; };
		B5E8EEFB1EC907FD00119D8B /* em2.webarchive in Resources */ = {isa = PBXBuildFile; fileRef = B5E8EEEE1EC907FD00119D8B /* em2.webarchive */; };
		B5E8EEFC1EC907FD00119D8B /* em3.webarchive in Resources */ = {isa = PBXBuildFile; fileRef = B5E8EEEF1EC907FD00119D8B /* em3.webarchive */; };
		B5E8EEFD1EC907FD00119D8B /* em4.webarchive in Resources */ = {isa = PBXBuildFile; fileRef = B5E8EEF01EC907FD00119D8B /* em4.webarchive */; };
		B5E8EEFE1EC907FD00119D8B /* em5.webarchive in Resources */ = {isa = PBXBuildFile; fileRef = B5E8EEF11EC907FD00119D8B /* em5.webarchive */; };
		B5E8EEFF1EC907FD00119D8B /* em6.webarchive in Resources */ = {isa = PBXBuildFile; fileRef = B5E8EEF21EC907FD00119D8B /* em6.webarchive */; };
		B5E8EF001EC907FD00119D8B /* em7.webarchive in Resources */ = {isa = PBXBuildFile; fileRef = B5E8EEF31EC907FD00119D8B /* em7.webarchive */; };
		B5E8EF011EC907FD00119D8B /* em8.webarchive in Resources */ = {isa = PBXBuildFile; fileRef = B5E8EEF41EC907FD00119D8B /* em8.webarchive */; };
		B5E8EF021EC907FD00119D8B /* em9.webarchive in Resources */ = {isa = PBXBuildFile; fileRef = B5E8EEF51EC907FD00119D8B /* em9.webarchive */; };
		B5E8EF031EC907FD00119D8B /* em10.webarchive in Resources */ = {isa = PBXBuildFile; fileRef = B5E8EEF61EC907FD00119D8B /* em10.webarchive */; };
		B5E8EF041EC907FD00119D8B /* em11.webarchive in Resources */ = {isa = PBXBuildFile; fileRef = B5E8EEF71EC907FD00119D8B /* em11.webarchive */; };
		B5E8EF051EC907FD00119D8B /* em12.webarchive in Resources */ = {isa = PBXBuildFile; fileRef = B5E8EEF81EC907FD00119D8B /* em12.webarchive */; };
		B5E8EF061EC907FD00119D8B /* em13.webarchive in Resources */ = {isa = PBXBuildFile; fileRef = B5E8EEF91EC907FD00119D8B /* em13.webarchive */; };
		B5E8EF071EC907FD00119D8B /* em14.webarchive in Resources */ = {isa = PBXBuildFile; fileRef = B5E8EEFA1EC907FD00119D8B /* em14.webarchive */; };
/* End PBXBuildFile section */

/* Begin PBXContainerItemProxy section */
		B516A2211EC46A7D004F63BD /* PBXContainerItemProxy */ = {
			isa = PBXContainerItemProxy;
			containerPortal = B516A1FF1EC46A7D004F63BD /* Project object */;
			proxyType = 1;
			remoteGlobalIDString = B516A2061EC46A7D004F63BD;
			remoteInfo = LearnEnglish;
		};
		B516A22C1EC46A7D004F63BD /* PBXContainerItemProxy */ = {
			isa = PBXContainerItemProxy;
			containerPortal = B516A1FF1EC46A7D004F63BD /* Project object */;
			proxyType = 1;
			remoteGlobalIDString = B516A2061EC46A7D004F63BD;
			remoteInfo = LearnEnglish;
		};
/* End PBXContainerItemProxy section */

/* Begin PBXFileReference section */
		6EAB76941EC4F65300C203E7 /* idioms.plist */ = {isa = PBXFileReference; fileEncoding = 4; lastKnownFileType = text.plist.xml; path = idioms.plist; sourceTree = "<group>"; };
		6EAB76951EC4F65300C203E7 /* phrases.plist */ = {isa = PBXFileReference; fileEncoding = 4; lastKnownFileType = text.plist.xml; path = phrases.plist; sourceTree = "<group>"; };
		6EAB76961EC4F65300C203E7 /* verbs.plist */ = {isa = PBXFileReference; fileEncoding = 4; lastKnownFileType = text.plist.xml; path = verbs.plist; sourceTree = "<group>"; };
		6EAB76971EC4F65300C203E7 /* words.plist */ = {isa = PBXFileReference; fileEncoding = 4; lastKnownFileType = text.plist.xml; path = words.plist; sourceTree = "<group>"; };
		6ED589F31EC50A84005CDF24 /* SubtitleCell.swift */ = {isa = PBXFileReference; fileEncoding = 4; lastKnownFileType = sourcecode.swift; path = SubtitleCell.swift; sourceTree = "<group>"; };
		B516A2071EC46A7D004F63BD /* LearnEnglish.app */ = {isa = PBXFileReference; explicitFileType = wrapper.application; includeInIndex = 0; path = LearnEnglish.app; sourceTree = BUILT_PRODUCTS_DIR; };
		B516A20A1EC46A7D004F63BD /* AppDelegate.swift */ = {isa = PBXFileReference; lastKnownFileType = sourcecode.swift; path = AppDelegate.swift; sourceTree = "<group>"; };
		B516A20D1EC46A7D004F63BD /* LearnEnglish.xcdatamodel */ = {isa = PBXFileReference; lastKnownFileType = wrapper.xcdatamodel; path = LearnEnglish.xcdatamodel; sourceTree = "<group>"; };
		B516A20F1EC46A7D004F63BD /* MasterViewController.swift */ = {isa = PBXFileReference; lastKnownFileType = sourcecode.swift; path = MasterViewController.swift; sourceTree = "<group>"; };
		B516A2141EC46A7D004F63BD /* Base */ = {isa = PBXFileReference; lastKnownFileType = file.storyboard; name = Base; path = Base.lproj/Main.storyboard; sourceTree = "<group>"; };
		B516A2161EC46A7D004F63BD /* Assets.xcassets */ = {isa = PBXFileReference; lastKnownFileType = folder.assetcatalog; path = Assets.xcassets; sourceTree = "<group>"; };
		B516A2191EC46A7D004F63BD /* Base */ = {isa = PBXFileReference; lastKnownFileType = file.storyboard; name = Base; path = Base.lproj/LaunchScreen.storyboard; sourceTree = "<group>"; };
		B516A21B1EC46A7D004F63BD /* Info.plist */ = {isa = PBXFileReference; lastKnownFileType = text.plist.xml; path = Info.plist; sourceTree = "<group>"; };
		B516A2201EC46A7D004F63BD /* LearnEnglishTests.xctest */ = {isa = PBXFileReference; explicitFileType = wrapper.cfbundle; includeInIndex = 0; path = LearnEnglishTests.xctest; sourceTree = BUILT_PRODUCTS_DIR; };
		B516A2241EC46A7D004F63BD /* LearnEnglishTests.swift */ = {isa = PBXFileReference; lastKnownFileType = sourcecode.swift; path = LearnEnglishTests.swift; sourceTree = "<group>"; };
		B516A2261EC46A7D004F63BD /* Info.plist */ = {isa = PBXFileReference; lastKnownFileType = text.plist.xml; path = Info.plist; sourceTree = "<group>"; };
		B516A22B1EC46A7D004F63BD /* LearnEnglishUITests.xctest */ = {isa = PBXFileReference; explicitFileType = wrapper.cfbundle; includeInIndex = 0; path = LearnEnglishUITests.xctest; sourceTree = BUILT_PRODUCTS_DIR; };
		B516A22F1EC46A7D004F63BD /* LearnEnglishUITests.swift */ = {isa = PBXFileReference; lastKnownFileType = sourcecode.swift; path = LearnEnglishUITests.swift; sourceTree = "<group>"; };
		B516A2311EC46A7D004F63BD /* Info.plist */ = {isa = PBXFileReference; lastKnownFileType = text.plist.xml; path = Info.plist; sourceTree = "<group>"; };
		B575E1451ED1682200222C66 /* em19.webarchive */ = {isa = PBXFileReference; lastKnownFileType = file.bplist; path = em19.webarchive; sourceTree = "<group>"; };
		B575E1461ED1682200222C66 /* em20.webarchive */ = {isa = PBXFileReference; lastKnownFileType = file.bplist; path = em20.webarchive; sourceTree = "<group>"; };
		B575E1471ED1682200222C66 /* em21.webarchive */ = {isa = PBXFileReference; lastKnownFileType = file.bplist; path = em21.webarchive; sourceTree = "<group>"; };
		B57CAAE71ECA495B00315574 /* em15.webarchive */ = {isa = PBXFileReference; lastKnownFileType = file.bplist; path = em15.webarchive; sourceTree = "<group>"; };
		B58A6F6B1ECD716500AC81F1 /* em17.webarchive */ = {isa = PBXFileReference; lastKnownFileType = file.bplist; path = em17.webarchive; sourceTree = "<group>"; };
		B58A6F6C1ECD716500AC81F1 /* em18.webarchive */ = {isa = PBXFileReference; lastKnownFileType = file.bplist; path = em18.webarchive; sourceTree = "<group>"; };
		B58DD3811ECAD8D100DDEEF1 /* em16.webarchive */ = {isa = PBXFileReference; lastKnownFileType = file.bplist; path = em16.webarchive; sourceTree = "<group>"; };
		B5C380BB1EC5A8A700F763D6 /* DetailViewController.swift */ = {isa = PBXFileReference; fileEncoding = 4; lastKnownFileType = sourcecode.swift; path = DetailViewController.swift; sourceTree = "<group>"; };
		B5C380BD1EC5AAE900F763D6 /* texts & videos.plist */ = {isa = PBXFileReference; fileEncoding = 4; lastKnownFileType = text.plist.xml; path = "texts & videos.plist"; sourceTree = "<group>"; };
		B5E8E93F1EC8FC1300119D8B /* LearnEnglish-Bridging-Header.h */ = {isa = PBXFileReference; lastKnownFileType = sourcecode.c.h; path = "LearnEnglish-Bridging-Header.h"; sourceTree = "<group>"; };
		B5E8E9401EC8FC1300119D8B /* UINavigationItem+ArrowBackButton.h */ = {isa = PBXFileReference; fileEncoding = 4; lastKnownFileType = sourcecode.c.h; path = "UINavigationItem+ArrowBackButton.h"; sourceTree = "<group>"; };
		B5E8E9411EC8FC1300119D8B /* UINavigationItem+ArrowBackButton.m */ = {isa = PBXFileReference; fileEncoding = 4; lastKnownFileType = sourcecode.c.objc; path = "UINavigationItem+ArrowBackButton.m"; sourceTree = "<group>"; };
		B5E8EEEC1EC905D600119D8B /* em1.webarchive */ = {isa = PBXFileReference; lastKnownFileType = file.bplist; path = em1.webarchive; sourceTree = "<group>"; };
		B5E8EEEE1EC907FD00119D8B /* em2.webarchive */ = {isa = PBXFileReference; lastKnownFileType = file.bplist; path = em2.webarchive; sourceTree = "<group>"; };
		B5E8EEEF1EC907FD00119D8B /* em3.webarchive */ = {isa = PBXFileReference; lastKnownFileType = file.bplist; path = em3.webarchive; sourceTree = "<group>"; };
		B5E8EEF01EC907FD00119D8B /* em4.webarchive */ = {isa = PBXFileReference; lastKnownFileType = file.bplist; path = em4.webarchive; sourceTree = "<group>"; };
		B5E8EEF11EC907FD00119D8B /* em5.webarchive */ = {isa = PBXFileReference; lastKnownFileType = file.bplist; path = em5.webarchive; sourceTree = "<group>"; };
		B5E8EEF21EC907FD00119D8B /* em6.webarchive */ = {isa = PBXFileReference; lastKnownFileType = file.bplist; path = em6.webarchive; sourceTree = "<group>"; };
		B5E8EEF31EC907FD00119D8B /* em7.webarchive */ = {isa = PBXFileReference; lastKnownFileType = file.bplist; path = em7.webarchive; sourceTree = "<group>"; };
		B5E8EEF41EC907FD00119D8B /* em8.webarchive */ = {isa = PBXFileReference; lastKnownFileType = file.bplist; path = em8.webarchive; sourceTree = "<group>"; };
		B5E8EEF51EC907FD00119D8B /* em9.webarchive */ = {isa = PBXFileReference; lastKnownFileType = file.bplist; path = em9.webarchive; sourceTree = "<group>"; };
		B5E8EEF61EC907FD00119D8B /* em10.webarchive */ = {isa = PBXFileReference; lastKnownFileType = file.bplist; path = em10.webarchive; sourceTree = "<group>"; };
		B5E8EEF71EC907FD00119D8B /* em11.webarchive */ = {isa = PBXFileReference; lastKnownFileType = file.bplist; path = em11.webarchive; sourceTree = "<group>"; };
		B5E8EEF81EC907FD00119D8B /* em12.webarchive */ = {isa = PBXFileReference; lastKnownFileType = file.bplist; path = em12.webarchive; sourceTree = "<group>"; };
		B5E8EEF91EC907FD00119D8B /* em13.webarchive */ = {isa = PBXFileReference; lastKnownFileType = file.bplist; path = em13.webarchive; sourceTree = "<group>"; };
		B5E8EEFA1EC907FD00119D8B /* em14.webarchive */ = {isa = PBXFileReference; lastKnownFileType = file.bplist; path = em14.webarchive; sourceTree = "<group>"; };
/* End PBXFileReference section */

/* Begin PBXFrameworksBuildPhase section */
		B516A2041EC46A7D004F63BD /* Frameworks */ = {
			isa = PBXFrameworksBuildPhase;
			buildActionMask = 2147483647;
			files = (
			);
			runOnlyForDeploymentPostprocessing = 0;
		};
		B516A21D1EC46A7D004F63BD /* Frameworks */ = {
			isa = PBXFrameworksBuildPhase;
			buildActionMask = 2147483647;
			files = (
			);
			runOnlyForDeploymentPostprocessing = 0;
		};
		B516A2281EC46A7D004F63BD /* Frameworks */ = {
			isa = PBXFrameworksBuildPhase;
			buildActionMask = 2147483647;
			files = (
			);
			runOnlyForDeploymentPostprocessing = 0;
		};
/* End PBXFrameworksBuildPhase section */

/* Begin PBXGroup section */
		6EAB76931EC4F65300C203E7 /* Dictionaries */ = {
			isa = PBXGroup;
			children = (
				6EAB76941EC4F65300C203E7 /* idioms.plist */,
				6EAB76951EC4F65300C203E7 /* phrases.plist */,
				B5C380BD1EC5AAE900F763D6 /* texts & videos.plist */,
				6EAB76961EC4F65300C203E7 /* verbs.plist */,
				6EAB76971EC4F65300C203E7 /* words.plist */,
			);
			path = Dictionaries;
			sourceTree = "<group>";
		};
		B516A1FE1EC46A7D004F63BD = {
			isa = PBXGroup;
			children = (
				B516A2091EC46A7D004F63BD /* LearnEnglish */,
				B516A2231EC46A7D004F63BD /* LearnEnglishTests */,
				B516A22E1EC46A7D004F63BD /* LearnEnglishUITests */,
				B516A2081EC46A7D004F63BD /* Products */,
			);
			sourceTree = "<group>";
		};
		B516A2081EC46A7D004F63BD /* Products */ = {
			isa = PBXGroup;
			children = (
				B516A2071EC46A7D004F63BD /* LearnEnglish.app */,
				B516A2201EC46A7D004F63BD /* LearnEnglishTests.xctest */,
				B516A22B1EC46A7D004F63BD /* LearnEnglishUITests.xctest */,
			);
			name = Products;
			sourceTree = "<group>";
		};
		B516A2091EC46A7D004F63BD /* LearnEnglish */ = {
			isa = PBXGroup;
			children = (
				B516A20A1EC46A7D004F63BD /* AppDelegate.swift */,
				B516A20F1EC46A7D004F63BD /* MasterViewController.swift */,
				B5C380BB1EC5A8A700F763D6 /* DetailViewController.swift */,
				6ED589F31EC50A84005CDF24 /* SubtitleCell.swift */,
				B5E8E9401EC8FC1300119D8B /* UINavigationItem+ArrowBackButton.h */,
				B5E8E9411EC8FC1300119D8B /* UINavigationItem+ArrowBackButton.m */,
				B516A2131EC46A7D004F63BD /* Main.storyboard */,
				B516A2181EC46A7D004F63BD /* LaunchScreen.storyboard */,
				B516A2161EC46A7D004F63BD /* Assets.xcassets */,
				6EAB76931EC4F65300C203E7 /* Dictionaries */,
				B5E8E9471EC900F700119D8B /* Links */,
				B516A21B1EC46A7D004F63BD /* Info.plist */,
				B516A20C1EC46A7D004F63BD /* LearnEnglish.xcdatamodeld */,
				B5E8E93F1EC8FC1300119D8B /* LearnEnglish-Bridging-Header.h */,
			);
			path = LearnEnglish;
			sourceTree = "<group>";
		};
		B516A2231EC46A7D004F63BD /* LearnEnglishTests */ = {
			isa = PBXGroup;
			children = (
				B516A2241EC46A7D004F63BD /* LearnEnglishTests.swift */,
				B516A2261EC46A7D004F63BD /* Info.plist */,
			);
			path = LearnEnglishTests;
			sourceTree = "<group>";
		};
		B516A22E1EC46A7D004F63BD /* LearnEnglishUITests */ = {
			isa = PBXGroup;
			children = (
				B516A22F1EC46A7D004F63BD /* LearnEnglishUITests.swift */,
				B516A2311EC46A7D004F63BD /* Info.plist */,
			);
			path = LearnEnglishUITests;
			sourceTree = "<group>";
		};
		B5E8E9471EC900F700119D8B /* Links */ = {
			isa = PBXGroup;
			children = (
				B5E8EEEC1EC905D600119D8B /* em1.webarchive */,
				B5E8EEEE1EC907FD00119D8B /* em2.webarchive */,
				B5E8EEEF1EC907FD00119D8B /* em3.webarchive */,
				B5E8EEF01EC907FD00119D8B /* em4.webarchive */,
				B5E8EEF11EC907FD00119D8B /* em5.webarchive */,
				B5E8EEF21EC907FD00119D8B /* em6.webarchive */,
				B5E8EEF31EC907FD00119D8B /* em7.webarchive */,
				B5E8EEF41EC907FD00119D8B /* em8.webarchive */,
				B5E8EEF51EC907FD00119D8B /* em9.webarchive */,
				B5E8EEF61EC907FD00119D8B /* em10.webarchive */,
				B5E8EEF71EC907FD00119D8B /* em11.webarchive */,
				B5E8EEF81EC907FD00119D8B /* em12.webarchive */,
				B5E8EEF91EC907FD00119D8B /* em13.webarchive */,
				B5E8EEFA1EC907FD00119D8B /* em14.webarchive */,
				B57CAAE71ECA495B00315574 /* em15.webarchive */,
				B58DD3811ECAD8D100DDEEF1 /* em16.webarchive */,
				B58A6F6B1ECD716500AC81F1 /* em17.webarchive */,
				B58A6F6C1ECD716500AC81F1 /* em18.webarchive */,
				B575E1451ED1682200222C66 /* em19.webarchive */,
				B575E1461ED1682200222C66 /* em20.webarchive */,
				B575E1471ED1682200222C66 /* em21.webarchive */,
			);
			path = Links;
			sourceTree = "<group>";
		};
/* End PBXGroup section */

/* Begin PBXNativeTarget section */
		B516A2061EC46A7D004F63BD /* LearnEnglish */ = {
			isa = PBXNativeTarget;
			buildConfigurationList = B516A2341EC46A7D004F63BD /* Build configuration list for PBXNativeTarget "LearnEnglish" */;
			buildPhases = (
				B516A2031EC46A7D004F63BD /* Sources */,
				B516A2041EC46A7D004F63BD /* Frameworks */,
				B516A2051EC46A7D004F63BD /* Resources */,
			);
			buildRules = (
			);
			dependencies = (
			);
			name = LearnEnglish;
			productName = LearnEnglish;
			productReference = B516A2071EC46A7D004F63BD /* LearnEnglish.app */;
			productType = "com.apple.product-type.application";
		};
		B516A21F1EC46A7D004F63BD /* LearnEnglishTests */ = {
			isa = PBXNativeTarget;
			buildConfigurationList = B516A2371EC46A7D004F63BD /* Build configuration list for PBXNativeTarget "LearnEnglishTests" */;
			buildPhases = (
				B516A21C1EC46A7D004F63BD /* Sources */,
				B516A21D1EC46A7D004F63BD /* Frameworks */,
				B516A21E1EC46A7D004F63BD /* Resources */,
			);
			buildRules = (
			);
			dependencies = (
				B516A2221EC46A7D004F63BD /* PBXTargetDependency */,
			);
			name = LearnEnglishTests;
			productName = LearnEnglishTests;
			productReference = B516A2201EC46A7D004F63BD /* LearnEnglishTests.xctest */;
			productType = "com.apple.product-type.bundle.unit-test";
		};
		B516A22A1EC46A7D004F63BD /* LearnEnglishUITests */ = {
			isa = PBXNativeTarget;
			buildConfigurationList = B516A23A1EC46A7D004F63BD /* Build configuration list for PBXNativeTarget "LearnEnglishUITests" */;
			buildPhases = (
				B516A2271EC46A7D004F63BD /* Sources */,
				B516A2281EC46A7D004F63BD /* Frameworks */,
				B516A2291EC46A7D004F63BD /* Resources */,
			);
			buildRules = (
			);
			dependencies = (
				B516A22D1EC46A7D004F63BD /* PBXTargetDependency */,
			);
			name = LearnEnglishUITests;
			productName = LearnEnglishUITests;
			productReference = B516A22B1EC46A7D004F63BD /* LearnEnglishUITests.xctest */;
			productType = "com.apple.product-type.bundle.ui-testing";
		};
/* End PBXNativeTarget section */

/* Begin PBXProject section */
		B516A1FF1EC46A7D004F63BD /* Project object */ = {
			isa = PBXProject;
			attributes = {
				LastSwiftUpdateCheck = 0820;
				LastUpgradeCheck = 0820;
				ORGANIZATIONNAME = Kilovata;
				TargetAttributes = {
					B516A2061EC46A7D004F63BD = {
						CreatedOnToolsVersion = 8.2.1;
						DevelopmentTeam = PKAE5UZ8NA;
						LastSwiftMigration = 0830;
						ProvisioningStyle = Automatic;
					};
					B516A21F1EC46A7D004F63BD = {
						CreatedOnToolsVersion = 8.2.1;
						DevelopmentTeam = 53FYFK5CY5;
						ProvisioningStyle = Automatic;
						TestTargetID = B516A2061EC46A7D004F63BD;
					};
					B516A22A1EC46A7D004F63BD = {
						CreatedOnToolsVersion = 8.2.1;
						DevelopmentTeam = 53FYFK5CY5;
						ProvisioningStyle = Automatic;
						TestTargetID = B516A2061EC46A7D004F63BD;
					};
				};
			};
			buildConfigurationList = B516A2021EC46A7D004F63BD /* Build configuration list for PBXProject "LearnEnglish" */;
			compatibilityVersion = "Xcode 3.2";
			developmentRegion = English;
			hasScannedForEncodings = 0;
			knownRegions = (
				en,
				Base,
			);
			mainGroup = B516A1FE1EC46A7D004F63BD;
			productRefGroup = B516A2081EC46A7D004F63BD /* Products */;
			projectDirPath = "";
			projectRoot = "";
			targets = (
				B516A2061EC46A7D004F63BD /* LearnEnglish */,
				B516A21F1EC46A7D004F63BD /* LearnEnglishTests */,
				B516A22A1EC46A7D004F63BD /* LearnEnglishUITests */,
			);
		};
/* End PBXProject section */

/* Begin PBXResourcesBuildPhase section */
		B516A2051EC46A7D004F63BD /* Resources */ = {
			isa = PBXResourcesBuildPhase;
			buildActionMask = 2147483647;
			files = (
				B5E8EEFF1EC907FD00119D8B /* em6.webarchive in Resources */,
				B516A21A1EC46A7D004F63BD /* LaunchScreen.storyboard in Resources */,
				B58A6F6D1ECD716500AC81F1 /* em17.webarchive in Resources */,
				B5E8EEFC1EC907FD00119D8B /* em3.webarchive in Resources */,
				B5E8EEFE1EC907FD00119D8B /* em5.webarchive in Resources */,
				B516A2171EC46A7D004F63BD /* Assets.xcassets in Resources */,
				B575E14A1ED1682200222C66 /* em21.webarchive in Resources */,
				B516A2151EC46A7D004F63BD /* Main.storyboard in Resources */,
				B5E8EF051EC907FD00119D8B /* em12.webarchive in Resources */,
				B5E8EF011EC907FD00119D8B /* em8.webarchive in Resources */,
				6EAB76981EC4F65300C203E7 /* idioms.plist in Resources */,
				B575E1481ED1682200222C66 /* em19.webarchive in Resources */,
				6EAB76991EC4F65300C203E7 /* phrases.plist in Resources */,
				B5E8EF041EC907FD00119D8B /* em11.webarchive in Resources */,
				B5E8EEFD1EC907FD00119D8B /* em4.webarchive in Resources */,
				B5C380BF1EC5AAE900F763D6 /* texts & videos.plist in Resources */,
				B5E8EEFB1EC907FD00119D8B /* em2.webarchive in Resources */,
				B5E8EF031EC907FD00119D8B /* em10.webarchive in Resources */,
				B58A6F6E1ECD716500AC81F1 /* em18.webarchive in Resources */,
				6EAB769B1EC4F65300C203E7 /* words.plist in Resources */,
				B5E8EEED1EC905D600119D8B /* em1.webarchive in Resources */,
				B57CAAE81ECA495B00315574 /* em15.webarchive in Resources */,
				B5E8EF001EC907FD00119D8B /* em7.webarchive in Resources */,
				B5E8EF071EC907FD00119D8B /* em14.webarchive in Resources */,
				B5E8EF061EC907FD00119D8B /* em13.webarchive in Resources */,
				6EAB769A1EC4F65300C203E7 /* verbs.plist in Resources */,
				B575E1491ED1682200222C66 /* em20.webarchive in Resources */,
				B58DD3821ECAD8D100DDEEF1 /* em16.webarchive in Resources */,
				B5E8EF021EC907FD00119D8B /* em9.webarchive in Resources */,
			);
			runOnlyForDeploymentPostprocessing = 0;
		};
		B516A21E1EC46A7D004F63BD /* Resources */ = {
			isa = PBXResourcesBuildPhase;
			buildActionMask = 2147483647;
			files = (
			);
			runOnlyForDeploymentPostprocessing = 0;
		};
		B516A2291EC46A7D004F63BD /* Resources */ = {
			isa = PBXResourcesBuildPhase;
			buildActionMask = 2147483647;
			files = (
			);
			runOnlyForDeploymentPostprocessing = 0;
		};
/* End PBXResourcesBuildPhase section */

/* Begin PBXSourcesBuildPhase section */
		B516A2031EC46A7D004F63BD /* Sources */ = {
			isa = PBXSourcesBuildPhase;
			buildActionMask = 2147483647;
			files = (
				B516A20B1EC46A7D004F63BD /* AppDelegate.swift in Sources */,
				6ED589F41EC50A84005CDF24 /* SubtitleCell.swift in Sources */,
				B5C380BC1EC5A8A700F763D6 /* DetailViewController.swift in Sources */,
				B5E8E9421EC8FC1300119D8B /* UINavigationItem+ArrowBackButton.m in Sources */,
				B516A20E1EC46A7D004F63BD /* LearnEnglish.xcdatamodeld in Sources */,
				B516A2101EC46A7D004F63BD /* MasterViewController.swift in Sources */,
			);
			runOnlyForDeploymentPostprocessing = 0;
		};
		B516A21C1EC46A7D004F63BD /* Sources */ = {
			isa = PBXSourcesBuildPhase;
			buildActionMask = 2147483647;
			files = (
				B516A2251EC46A7D004F63BD /* LearnEnglishTests.swift in Sources */,
			);
			runOnlyForDeploymentPostprocessing = 0;
		};
		B516A2271EC46A7D004F63BD /* Sources */ = {
			isa = PBXSourcesBuildPhase;
			buildActionMask = 2147483647;
			files = (
				B516A2301EC46A7D004F63BD /* LearnEnglishUITests.swift in Sources */,
			);
			runOnlyForDeploymentPostprocessing = 0;
		};
/* End PBXSourcesBuildPhase section */

/* Begin PBXTargetDependency section */
		B516A2221EC46A7D004F63BD /* PBXTargetDependency */ = {
			isa = PBXTargetDependency;
			target = B516A2061EC46A7D004F63BD /* LearnEnglish */;
			targetProxy = B516A2211EC46A7D004F63BD /* PBXContainerItemProxy */;
		};
		B516A22D1EC46A7D004F63BD /* PBXTargetDependency */ = {
			isa = PBXTargetDependency;
			target = B516A2061EC46A7D004F63BD /* LearnEnglish */;
			targetProxy = B516A22C1EC46A7D004F63BD /* PBXContainerItemProxy */;
		};
/* End PBXTargetDependency section */

/* Begin PBXVariantGroup section */
		B516A2131EC46A7D004F63BD /* Main.storyboard */ = {
			isa = PBXVariantGroup;
			children = (
				B516A2141EC46A7D004F63BD /* Base */,
			);
			name = Main.storyboard;
			sourceTree = "<group>";
		};
		B516A2181EC46A7D004F63BD /* LaunchScreen.storyboard */ = {
			isa = PBXVariantGroup;
			children = (
				B516A2191EC46A7D004F63BD /* Base */,
			);
			name = LaunchScreen.storyboard;
			sourceTree = "<group>";
		};
/* End PBXVariantGroup section */

/* Begin XCBuildConfiguration section */
		B516A2321EC46A7D004F63BD /* Debug */ = {
			isa = XCBuildConfiguration;
			buildSettings = {
				ALWAYS_SEARCH_USER_PATHS = NO;
				CLANG_ANALYZER_NONNULL = YES;
				CLANG_CXX_LANGUAGE_STANDARD = "gnu++0x";
				CLANG_CXX_LIBRARY = "libc++";
				CLANG_ENABLE_MODULES = YES;
				CLANG_ENABLE_OBJC_ARC = YES;
				CLANG_WARN_BOOL_CONVERSION = YES;
				CLANG_WARN_CONSTANT_CONVERSION = YES;
				CLANG_WARN_DIRECT_OBJC_ISA_USAGE = YES_ERROR;
				CLANG_WARN_DOCUMENTATION_COMMENTS = YES;
				CLANG_WARN_EMPTY_BODY = YES;
				CLANG_WARN_ENUM_CONVERSION = YES;
				CLANG_WARN_INFINITE_RECURSION = YES;
				CLANG_WARN_INT_CONVERSION = YES;
				CLANG_WARN_OBJC_ROOT_CLASS = YES_ERROR;
				CLANG_WARN_SUSPICIOUS_MOVE = YES;
				CLANG_WARN_UNREACHABLE_CODE = YES;
				CLANG_WARN__DUPLICATE_METHOD_MATCH = YES;
				"CODE_SIGN_IDENTITY[sdk=iphoneos*]" = "iPhone Developer";
				COPY_PHASE_STRIP = NO;
				DEBUG_INFORMATION_FORMAT = dwarf;
				ENABLE_STRICT_OBJC_MSGSEND = YES;
				ENABLE_TESTABILITY = YES;
				GCC_C_LANGUAGE_STANDARD = gnu99;
				GCC_DYNAMIC_NO_PIC = NO;
				GCC_NO_COMMON_BLOCKS = YES;
				GCC_OPTIMIZATION_LEVEL = 0;
				GCC_PREPROCESSOR_DEFINITIONS = (
					"DEBUG=1",
					"$(inherited)",
				);
				GCC_WARN_64_TO_32_BIT_CONVERSION = YES;
				GCC_WARN_ABOUT_RETURN_TYPE = YES_ERROR;
				GCC_WARN_UNDECLARED_SELECTOR = YES;
				GCC_WARN_UNINITIALIZED_AUTOS = YES_AGGRESSIVE;
				GCC_WARN_UNUSED_FUNCTION = YES;
				GCC_WARN_UNUSED_VARIABLE = YES;
				IPHONEOS_DEPLOYMENT_TARGET = 10.2;
				MTL_ENABLE_DEBUG_INFO = YES;
				ONLY_ACTIVE_ARCH = YES;
				SDKROOT = iphoneos;
				SWIFT_ACTIVE_COMPILATION_CONDITIONS = DEBUG;
				SWIFT_OPTIMIZATION_LEVEL = "-Onone";
			};
			name = Debug;
		};
		B516A2331EC46A7D004F63BD /* Release */ = {
			isa = XCBuildConfiguration;
			buildSettings = {
				ALWAYS_SEARCH_USER_PATHS = NO;
				CLANG_ANALYZER_NONNULL = YES;
				CLANG_CXX_LANGUAGE_STANDARD = "gnu++0x";
				CLANG_CXX_LIBRARY = "libc++";
				CLANG_ENABLE_MODULES = YES;
				CLANG_ENABLE_OBJC_ARC = YES;
				CLANG_WARN_BOOL_CONVERSION = YES;
				CLANG_WARN_CONSTANT_CONVERSION = YES;
				CLANG_WARN_DIRECT_OBJC_ISA_USAGE = YES_ERROR;
				CLANG_WARN_DOCUMENTATION_COMMENTS = YES;
				CLANG_WARN_EMPTY_BODY = YES;
				CLANG_WARN_ENUM_CONVERSION = YES;
				CLANG_WARN_INFINITE_RECURSION = YES;
				CLANG_WARN_INT_CONVERSION = YES;
				CLANG_WARN_OBJC_ROOT_CLASS = YES_ERROR;
				CLANG_WARN_SUSPICIOUS_MOVE = YES;
				CLANG_WARN_UNREACHABLE_CODE = YES;
				CLANG_WARN__DUPLICATE_METHOD_MATCH = YES;
				"CODE_SIGN_IDENTITY[sdk=iphoneos*]" = "iPhone Developer";
				COPY_PHASE_STRIP = NO;
				DEBUG_INFORMATION_FORMAT = "dwarf-with-dsym";
				ENABLE_NS_ASSERTIONS = NO;
				ENABLE_STRICT_OBJC_MSGSEND = YES;
				GCC_C_LANGUAGE_STANDARD = gnu99;
				GCC_NO_COMMON_BLOCKS = YES;
				GCC_WARN_64_TO_32_BIT_CONVERSION = YES;
				GCC_WARN_ABOUT_RETURN_TYPE = YES_ERROR;
				GCC_WARN_UNDECLARED_SELECTOR = YES;
				GCC_WARN_UNINITIALIZED_AUTOS = YES_AGGRESSIVE;
				GCC_WARN_UNUSED_FUNCTION = YES;
				GCC_WARN_UNUSED_VARIABLE = YES;
				IPHONEOS_DEPLOYMENT_TARGET = 10.2;
				MTL_ENABLE_DEBUG_INFO = NO;
				SDKROOT = iphoneos;
				SWIFT_OPTIMIZATION_LEVEL = "-Owholemodule";
				VALIDATE_PRODUCT = YES;
			};
			name = Release;
		};
		B516A2351EC46A7D004F63BD /* Debug */ = {
			isa = XCBuildConfiguration;
			buildSettings = {
				ASSETCATALOG_COMPILER_APPICON_NAME = AppIcon;
				CLANG_ENABLE_MODULES = YES;
				"CODE_SIGN_IDENTITY[sdk=iphoneos*]" = "iPhone Developer";
				DEVELOPMENT_TEAM = PKAE5UZ8NA;
				INFOPLIST_FILE = LearnEnglish/Info.plist;
				IPHONEOS_DEPLOYMENT_TARGET = 10.0;
				LD_RUNPATH_SEARCH_PATHS = "$(inherited) @executable_path/Frameworks";
				PRODUCT_BUNDLE_IDENTIFIER = com.numeral.langkit;
				PRODUCT_NAME = "$(TARGET_NAME)";
				PROVISIONING_PROFILE_SPECIFIER = "";
				SWIFT_OBJC_BRIDGING_HEADER = "LearnEnglish/LearnEnglish-Bridging-Header.h";
				SWIFT_OPTIMIZATION_LEVEL = "-Onone";
				SWIFT_VERSION = 3.0;
			};
			name = Debug;
		};
		B516A2361EC46A7D004F63BD /* Release */ = {
			isa = XCBuildConfiguration;
			buildSettings = {
				ASSETCATALOG_COMPILER_APPICON_NAME = AppIcon;
				CLANG_ENABLE_MODULES = YES;
				"CODE_SIGN_IDENTITY[sdk=iphoneos*]" = "iPhone Developer";
				DEVELOPMENT_TEAM = PKAE5UZ8NA;
				INFOPLIST_FILE = LearnEnglish/Info.plist;
				IPHONEOS_DEPLOYMENT_TARGET = 10.0;
				LD_RUNPATH_SEARCH_PATHS = "$(inherited) @executable_path/Frameworks";
				PRODUCT_BUNDLE_IDENTIFIER = com.numeral.langkit;
				PRODUCT_NAME = "$(TARGET_NAME)";
				PROVISIONING_PROFILE_SPECIFIER = "";
				SWIFT_OBJC_BRIDGING_HEADER = "LearnEnglish/LearnEnglish-Bridging-Header.h";
				SWIFT_VERSION = 3.0;
			};
			name = Release;
		};
		B516A2381EC46A7D004F63BD /* Debug */ = {
			isa = XCBuildConfiguration;
			buildSettings = {
				ALWAYS_EMBED_SWIFT_STANDARD_LIBRARIES = YES;
				BUNDLE_LOADER = "$(TEST_HOST)";
				DEVELOPMENT_TEAM = 53FYFK5CY5;
				INFOPLIST_FILE = LearnEnglishTests/Info.plist;
				LD_RUNPATH_SEARCH_PATHS = "$(inherited) @executable_path/Frameworks @loader_path/Frameworks";
				PRODUCT_BUNDLE_IDENTIFIER = kilovata.LearnEnglishTests;
				PRODUCT_NAME = "$(TARGET_NAME)";
				SWIFT_VERSION = 3.0;
				TEST_HOST = "$(BUILT_PRODUCTS_DIR)/LearnEnglish.app/LearnEnglish";
			};
			name = Debug;
		};
		B516A2391EC46A7D004F63BD /* Release */ = {
			isa = XCBuildConfiguration;
			buildSettings = {
				ALWAYS_EMBED_SWIFT_STANDARD_LIBRARIES = YES;
				BUNDLE_LOADER = "$(TEST_HOST)";
				DEVELOPMENT_TEAM = 53FYFK5CY5;
				INFOPLIST_FILE = LearnEnglishTests/Info.plist;
				LD_RUNPATH_SEARCH_PATHS = "$(inherited) @executable_path/Frameworks @loader_path/Frameworks";
				PRODUCT_BUNDLE_IDENTIFIER = kilovata.LearnEnglishTests;
				PRODUCT_NAME = "$(TARGET_NAME)";
				SWIFT_VERSION = 3.0;
				TEST_HOST = "$(BUILT_PRODUCTS_DIR)/LearnEnglish.app/LearnEnglish";
			};
			name = Release;
		};
		B516A23B1EC46A7D004F63BD /* Debug */ = {
			isa = XCBuildConfiguration;
			buildSettings = {
				ALWAYS_EMBED_SWIFT_STANDARD_LIBRARIES = YES;
				DEVELOPMENT_TEAM = 53FYFK5CY5;
				INFOPLIST_FILE = LearnEnglishUITests/Info.plist;
				LD_RUNPATH_SEARCH_PATHS = "$(inherited) @executable_path/Frameworks @loader_path/Frameworks";
				PRODUCT_BUNDLE_IDENTIFIER = kilovata.LearnEnglishUITests;
				PRODUCT_NAME = "$(TARGET_NAME)";
				SWIFT_VERSION = 3.0;
				TEST_TARGET_NAME = LearnEnglish;
			};
			name = Debug;
		};
		B516A23C1EC46A7D004F63BD /* Release */ = {
			isa = XCBuildConfiguration;
			buildSettings = {
				ALWAYS_EMBED_SWIFT_STANDARD_LIBRARIES = YES;
				DEVELOPMENT_TEAM = 53FYFK5CY5;
				INFOPLIST_FILE = LearnEnglishUITests/Info.plist;
				LD_RUNPATH_SEARCH_PATHS = "$(inherited) @executable_path/Frameworks @loader_path/Frameworks";
				PRODUCT_BUNDLE_IDENTIFIER = kilovata.LearnEnglishUITests;
				PRODUCT_NAME = "$(TARGET_NAME)";
				SWIFT_VERSION = 3.0;
				TEST_TARGET_NAME = LearnEnglish;
			};
			name = Release;
		};
/* End XCBuildConfiguration section */

/* Begin XCConfigurationList section */
		B516A2021EC46A7D004F63BD /* Build configuration list for PBXProject "LearnEnglish" */ = {
			isa = XCConfigurationList;
			buildConfigurations = (
				B516A2321EC46A7D004F63BD /* Debug */,
				B516A2331EC46A7D004F63BD /* Release */,
			);
			defaultConfigurationIsVisible = 0;
			defaultConfigurationName = Release;
		};
		B516A2341EC46A7D004F63BD /* Build configuration list for PBXNativeTarget "LearnEnglish" */ = {
			isa = XCConfigurationList;
			buildConfigurations = (
				B516A2351EC46A7D004F63BD /* Debug */,
				B516A2361EC46A7D004F63BD /* Release */,
			);
			defaultConfigurationIsVisible = 0;
			defaultConfigurationName = Release;
		};
		B516A2371EC46A7D004F63BD /* Build configuration list for PBXNativeTarget "LearnEnglishTests" */ = {
			isa = XCConfigurationList;
			buildConfigurations = (
				B516A2381EC46A7D004F63BD /* Debug */,
				B516A2391EC46A7D004F63BD /* Release */,
			);
			defaultConfigurationIsVisible = 0;
			defaultConfigurationName = Release;
		};
		B516A23A1EC46A7D004F63BD /* Build configuration list for PBXNativeTarget "LearnEnglishUITests" */ = {
			isa = XCConfigurationList;
			buildConfigurations = (
				B516A23B1EC46A7D004F63BD /* Debug */,
				B516A23C1EC46A7D004F63BD /* Release */,
			);
			defaultConfigurationIsVisible = 0;
			defaultConfigurationName = Release;
		};
/* End XCConfigurationList section */

/* Begin XCVersionGroup section */
		B516A20C1EC46A7D004F63BD /* LearnEnglish.xcdatamodeld */ = {
			isa = XCVersionGroup;
			children = (
				B516A20D1EC46A7D004F63BD /* LearnEnglish.xcdatamodel */,
			);
			currentVersion = B516A20D1EC46A7D004F63BD /* LearnEnglish.xcdatamodel */;
			path = LearnEnglish.xcdatamodeld;
			sourceTree = "<group>";
			versionGroupType = wrapper.xcdatamodel;
		};
/* End XCVersionGroup section */
	};
	rootObject = B516A1FF1EC46A7D004F63BD /* Project object */;
}
